{
  "originHash" : "6cb86ca13388a3e1bc80e08faf649e2b204a338d78f6f33edf45182f8737bce4",
  "pins" : [
    {
      "identity" : "swift-argument-parser",
      "kind" : "remoteSourceControl",
      "location" : "https://github.com/apple/swift-argument-parser.git",
      "state" : {
        "revision" : "41982a3656a71c768319979febd796c6fd111d5c",
        "version" : "1.5.0"
      }
    },
    {
      "identity" : "swift-mmio",
      "kind" : "remoteSourceControl",
      "location" : "https://github.com/apple/swift-mmio",
      "state" : {
        "branch" : "main",
        "revision" : "ddd4250a856891f1bd8c7990d675d076c55a7bc6"
      }
    },
    {
      "identity" : "swift-syntax",
      "kind" : "remoteSourceControl",
      "location" : "https://github.com/swiftlang/swift-syntax.git",
      "state" : {
        "revision" : "0687f71944021d616d34d922343dcef086855920",
        "version" : "600.0.1"
      }
    }
  ],
  "version" : 3
}
